
Microsoft Visual Studio Solution File, Format Version 12.00
Project("{FAE04EC0-301F-11D3-BF4B-00C04F79EFBC}") = "Karpik.Engine.Client", "Karpik.Engine.Client\Karpik.Engine.Client.csproj", "{62BC9679-DDAD-4EC3-B9C8-46C317B6A7FE}"
EndProject
Project("{FAE04EC0-301F-11D3-BF4B-00C04F79EFBC}") = "Karpik.Engine.Server", "Karpik.Engine.Server\Karpik.Engine.Server.csproj", "{43692A0C-F9D5-47D7-83C4-C52AC8C38B4F}"
EndProject
Project("{FAE04EC0-301F-11D3-BF4B-00C04F79EFBC}") = "ConsoleLauncher", "ConsoleLauncher\ConsoleLauncher.csproj", "{9EB82882-CA5A-4B87-A2B9-BEE9E877C8FC}"
EndProject
Project("{FAE04EC0-301F-11D3-BF4B-00C04F79EFBC}") = "Dragon", "Dragon\Dragon.csproj", "{CE3BF7D4-EE9F-4A76-892A-0D82804FA286}"
EndProject
Project("{FAE04EC0-301F-11D3-BF4B-00C04F79EFBC}") = "StatAndAbilities", "StatAndAbilities\StatAndAbilities.csproj", "{414CD14B-756D-4677-AB53-BCF4A612D8F1}"
EndProject
Project("{FAE04EC0-301F-11D3-BF4B-00C04F79EFBC}") = "StatAndAbilities.Codegen", "StatAndAbilities.Codegen\StatAndAbilities.Codegen\StatAndAbilities.Codegen.csproj", "{7B7B53C2-DA8F-47FD-8AE2-53041488FF08}"
EndProject
Project("{FAE04EC0-301F-11D3-BF4B-00C04F79EFBC}") = "Game", "Game\Game.csproj", "{4631896E-9D93-4CAC-8634-E3702212B537}"
EndProject
Project("{FAE04EC0-301F-11D3-BF4B-00C04F79EFBC}") = "Network.Codegen", "Network.Codegen\Network.Codegen\Network.Codegen.csproj", "{5F61464B-5F0C-4BBB-8BEF-245A07CBB25A}"
EndProject
Project("{FAE04EC0-301F-11D3-BF4B-00C04F79EFBC}") = "ServerLauncher", "ServerLauncher\ServerLauncher.csproj", "{A336EF66-E4E5-4036-B7E2-9D642556114E}"
EndProject
Project("{FAE04EC0-301F-11D3-BF4B-00C04F79EFBC}") = "ClientLauncher", "ClientLauncher\ClientLauncher.csproj", "{C5A9BDDF-24BA-446B-B9AD-A8C813693F80}"
EndProject
Project("{FAE04EC0-301F-11D3-BF4B-00C04F79EFBC}") = "DragonExtensions", "DragonExtensions\DragonExtensions.csproj", "{AD6A59FA-7160-470F-A42A-21859EE9A1F1}"
EndProject
Project("{FAE04EC0-301F-11D3-BF4B-00C04F79EFBC}") = "Karpik.Jobs", "Karpik.Jobs\Karpik.Jobs.csproj", "{E3E98820-73C3-45D9-B076-DFE8788B230D}"
EndProject
Project("{FAE04EC0-301F-11D3-BF4B-00C04F79EFBC}") = "Karpik.Engine.Core", "Karpik.Engine.Core\Karpik.Engine.Core.csproj", "{F1A7B5F6-A217-45F4-9F74-DB1FB76B4B47}"
EndProject
Project("{FAE04EC0-301F-11D3-BF4B-00C04F79EFBC}") = "Karpik.Engine.Publish.Client", "Karpik.Engine.Publish.Client\Karpik.Engine.Publish.Client.csproj", "{30C3C1F0-A8B1-4205-936E-C7A1E471C53F}"
EndProject
Project("{FAE04EC0-301F-11D3-BF4B-00C04F79EFBC}") = "Karpik.Engine.Publish.Server", "Karpik.Engine.Publish.Server\Karpik.Engine.Publish.Server.csproj", "{619620CC-CBA1-486E-BE79-C883071D2A63}"
EndProject
Project("{2150E333-8FDC-42A3-9474-1A3956D46DE8}") = "Modules", "Modules", "{A1AA8927-0B7C-45E6-899C-4943FC395935}"
EndProject
Project("{2150E333-8FDC-42A3-9474-1A3956D46DE8}") = "AssetManagement", "AssetManagement", "{9288CABD-9802-48B5-9154-87FC73CC06FC}"
EndProject
Project("{2150E333-8FDC-42A3-9474-1A3956D46DE8}") = "Shared", "Shared", "{DD45D3D0-FAAE-4E20-B838-D73DBB2956F7}"
EndProject
Project("{FAE04EC0-301F-11D3-BF4B-00C04F79EFBC}") = "AssetManagement.Base", "Modules\Shared\AssetManagement\AssetManagement.Base\AssetManagement.Base.csproj", "{4493351A-E40A-4E85-8959-4E9C65CB34F1}"
EndProject
Project("{FAE04EC0-301F-11D3-BF4B-00C04F79EFBC}") = "LoggerModule", "Modules\Shared\LoggerModule\LoggerModule.csproj", "{3971F8BB-B27C-4985-818E-39E887783F47}"
EndProject
Project("{2150E333-8FDC-42A3-9474-1A3956D46DE8}") = "Modding", "Modding", "{2D8CF1FA-8406-4FF6-9F4C-8F010E9B2D68}"
EndProject
Project("{FAE04EC0-301F-11D3-BF4B-00C04F79EFBC}") = "Modding.Core", "Modules\Shared\Modding\Modding.Core\Modding.Core.csproj", "{A1F1192F-DD08-47B9-85D1-B157F69867D9}"
EndProject
Project("{FAE04EC0-301F-11D3-BF4B-00C04F79EFBC}") = "Modding.Lua", "Modules\Shared\Modding\Modding.Lua\Modding.Lua.csproj", "{797BFD99-D5FC-4F97-B161-10A67936ADC1}"
EndProject
Project("{2150E333-8FDC-42A3-9474-1A3956D46DE8}") = "ECS", "ECS", "{5A264CA4-C967-43F9-A6FC-EB56E2E72F01}"
EndProject
Project("{FAE04EC0-301F-11D3-BF4B-00C04F79EFBC}") = "ECS.Core", "Modules\Shared\ECS\ECS.Core\ECS.Core.csproj", "{3DC75BB5-F6B9-4D6D-9195-4492EA7ABC52}"
EndProject
Project("{2150E333-8FDC-42A3-9474-1A3956D46DE8}") = "Tween", "Tween", "{BF06C2D5-BD21-48B6-958B-88EC54CB014F}"
EndProject
Project("{FAE04EC0-301F-11D3-BF4B-00C04F79EFBC}") = "Tween.Core", "Modules\Shared\Tween\Tween.Core\Tween.Core.csproj", "{0F0E08BF-F49D-43A6-B400-156866611A22}"
EndProject
Project("{2150E333-8FDC-42A3-9474-1A3956D46DE8}") = "Client", "Client", "{302F6892-81BB-42D2-9058-F1E93FE13BFC}"
EndProject
Project("{2150E333-8FDC-42A3-9474-1A3956D46DE8}") = "Server", "Server", "{9C678024-BD1B-44E9-9EFD-C27C60FFADBC}"
EndProject
Project("{2150E333-8FDC-42A3-9474-1A3956D46DE8}") = "UIToolkit", "UIToolkit", "{4B70B6CF-64E8-4896-8174-0606FB54E829}"
EndProject
Project("{FAE04EC0-301F-11D3-BF4B-00C04F79EFBC}") = "UIToolkit.Core", "Modules\Client\UIToolkit\UIToolkit.Core\UIToolkit.Core.csproj", "{1C84F91D-CB38-42E9-94DF-9225CAB5888D}"
EndProject
Project("{FAE04EC0-301F-11D3-BF4B-00C04F79EFBC}") = "Input", "Modules\Client\Input\Input.csproj", "{687BF29E-4A5F-48E0-82DF-F119EC7E0909}"
EndProject
Project("{2150E333-8FDC-42A3-9474-1A3956D46DE8}") = "Graphics", "Graphics", "{CECB8DBE-671C-4EE0-822F-135BF11DC1D7}"
EndProject
Project("{FAE04EC0-301F-11D3-BF4B-00C04F79EFBC}") = "Graphics.Core", "Modules\Client\Graphics\Graphics.Core\Graphics.Core.csproj", "{853E2822-F3D3-4DE8-BB4A-51117E660028}"
EndProject
Project("{2150E333-8FDC-42A3-9474-1A3956D46DE8}") = "Netwok.Shared", "Netwok.Shared", "{36D875E2-51C3-4A6D-9033-29E9BCC6F37F}"
EndProject
Project("{FAE04EC0-301F-11D3-BF4B-00C04F79EFBC}") = "Network.Shared.Core", "Modules\Shared\Network.Shared\Network.Shared.Core\Network.Shared.Core.csproj", "{F795BCFF-F73B-4FFD-A19F-B2528C1F2442}"
EndProject
Project("{FAE04EC0-301F-11D3-BF4B-00C04F79EFBC}") = "Graphics.Raylib", "Modules\Client\Graphics\Graphics.Raylib\Graphics.Raylib.csproj", "{B1B80014-767A-4156-9887-1D193096F32F}"
EndProject
Project("{2150E333-8FDC-42A3-9474-1A3956D46DE8}") = "Network.Client", "Network.Client", "{C13D8F1A-8A7C-45AD-9162-26962DFF5B50}"
EndProject
Project("{FAE04EC0-301F-11D3-BF4B-00C04F79EFBC}") = "Network.Client.Core", "Modules\Client\Network.Client\Network.Client.Core\Network.Client.Core.csproj", "{A1277DFD-F010-47F4-8525-B3626DAD8036}"
EndProject
Project("{FAE04EC0-301F-11D3-BF4B-00C04F79EFBC}") = "Network.Client.LiteNetLib", "Modules\Client\Network.Client\Network.Client.LiteNetLib\Network.Client.LiteNetLib.csproj", "{C99B8B3A-064D-43B7-B90C-3A6904AAED76}"
EndProject
Project("{FAE04EC0-301F-11D3-BF4B-00C04F79EFBC}") = "Network.Shared.LiteNetLib", "Modules\Shared\Network.Shared.LiteNetLib\Network.Shared.LiteNetLib.csproj", "{93C1327B-4C71-4F8B-8FB7-993D3E3EB721}"
EndProject
Global
	GlobalSection(SolutionConfigurationPlatforms) = preSolution
		Debug|Any CPU = Debug|Any CPU
		Release|Any CPU = Release|Any CPU
	EndGlobalSection
	GlobalSection(ProjectConfigurationPlatforms) = postSolution
		{62BC9679-DDAD-4EC3-B9C8-46C317B6A7FE}.Debug|Any CPU.ActiveCfg = Debug|Any CPU
		{62BC9679-DDAD-4EC3-B9C8-46C317B6A7FE}.Debug|Any CPU.Build.0 = Debug|Any CPU
		{62BC9679-DDAD-4EC3-B9C8-46C317B6A7FE}.Release|Any CPU.ActiveCfg = Release|Any CPU
		{62BC9679-DDAD-4EC3-B9C8-46C317B6A7FE}.Release|Any CPU.Build.0 = Release|Any CPU
		{43692A0C-F9D5-47D7-83C4-C52AC8C38B4F}.Debug|Any CPU.ActiveCfg = Debug|Any CPU
		{43692A0C-F9D5-47D7-83C4-C52AC8C38B4F}.Debug|Any CPU.Build.0 = Debug|Any CPU
		{43692A0C-F9D5-47D7-83C4-C52AC8C38B4F}.Release|Any CPU.ActiveCfg = Release|Any CPU
		{43692A0C-F9D5-47D7-83C4-C52AC8C38B4F}.Release|Any CPU.Build.0 = Release|Any CPU
		{9EB82882-CA5A-4B87-A2B9-BEE9E877C8FC}.Debug|Any CPU.ActiveCfg = Debug|Any CPU
		{9EB82882-CA5A-4B87-A2B9-BEE9E877C8FC}.Debug|Any CPU.Build.0 = Debug|Any CPU
		{9EB82882-CA5A-4B87-A2B9-BEE9E877C8FC}.Release|Any CPU.ActiveCfg = Release|Any CPU
		{9EB82882-CA5A-4B87-A2B9-BEE9E877C8FC}.Release|Any CPU.Build.0 = Release|Any CPU
		{CE3BF7D4-EE9F-4A76-892A-0D82804FA286}.Debug|Any CPU.ActiveCfg = Debug|Any CPU
		{CE3BF7D4-EE9F-4A76-892A-0D82804FA286}.Debug|Any CPU.Build.0 = Debug|Any CPU
		{CE3BF7D4-EE9F-4A76-892A-0D82804FA286}.Release|Any CPU.ActiveCfg = Release|Any CPU
		{CE3BF7D4-EE9F-4A76-892A-0D82804FA286}.Release|Any CPU.Build.0 = Release|Any CPU
		{414CD14B-756D-4677-AB53-BCF4A612D8F1}.Debug|Any CPU.ActiveCfg = Debug|Any CPU
		{414CD14B-756D-4677-AB53-BCF4A612D8F1}.Debug|Any CPU.Build.0 = Debug|Any CPU
		{414CD14B-756D-4677-AB53-BCF4A612D8F1}.Release|Any CPU.ActiveCfg = Release|Any CPU
		{414CD14B-756D-4677-AB53-BCF4A612D8F1}.Release|Any CPU.Build.0 = Release|Any CPU
		{7B7B53C2-DA8F-47FD-8AE2-53041488FF08}.Debug|Any CPU.ActiveCfg = Debug|Any CPU
		{7B7B53C2-DA8F-47FD-8AE2-53041488FF08}.Debug|Any CPU.Build.0 = Debug|Any CPU
		{7B7B53C2-DA8F-47FD-8AE2-53041488FF08}.Release|Any CPU.ActiveCfg = Release|Any CPU
		{7B7B53C2-DA8F-47FD-8AE2-53041488FF08}.Release|Any CPU.Build.0 = Release|Any CPU
		{4631896E-9D93-4CAC-8634-E3702212B537}.Debug|Any CPU.ActiveCfg = Debug|Any CPU
		{4631896E-9D93-4CAC-8634-E3702212B537}.Debug|Any CPU.Build.0 = Debug|Any CPU
		{4631896E-9D93-4CAC-8634-E3702212B537}.Release|Any CPU.ActiveCfg = Release|Any CPU
		{4631896E-9D93-4CAC-8634-E3702212B537}.Release|Any CPU.Build.0 = Release|Any CPU
		{5F61464B-5F0C-4BBB-8BEF-245A07CBB25A}.Debug|Any CPU.ActiveCfg = Debug|Any CPU
		{5F61464B-5F0C-4BBB-8BEF-245A07CBB25A}.Debug|Any CPU.Build.0 = Debug|Any CPU
		{5F61464B-5F0C-4BBB-8BEF-245A07CBB25A}.Release|Any CPU.ActiveCfg = Release|Any CPU
		{5F61464B-5F0C-4BBB-8BEF-245A07CBB25A}.Release|Any CPU.Build.0 = Release|Any CPU
		{A336EF66-E4E5-4036-B7E2-9D642556114E}.Debug|Any CPU.ActiveCfg = Debug|Any CPU
		{A336EF66-E4E5-4036-B7E2-9D642556114E}.Debug|Any CPU.Build.0 = Debug|Any CPU
		{A336EF66-E4E5-4036-B7E2-9D642556114E}.Release|Any CPU.ActiveCfg = Release|Any CPU
		{A336EF66-E4E5-4036-B7E2-9D642556114E}.Release|Any CPU.Build.0 = Release|Any CPU
		{C5A9BDDF-24BA-446B-B9AD-A8C813693F80}.Debug|Any CPU.ActiveCfg = Debug|Any CPU
		{C5A9BDDF-24BA-446B-B9AD-A8C813693F80}.Debug|Any CPU.Build.0 = Debug|Any CPU
		{C5A9BDDF-24BA-446B-B9AD-A8C813693F80}.Release|Any CPU.ActiveCfg = Release|Any CPU
		{C5A9BDDF-24BA-446B-B9AD-A8C813693F80}.Release|Any CPU.Build.0 = Release|Any CPU
		{AD6A59FA-7160-470F-A42A-21859EE9A1F1}.Debug|Any CPU.ActiveCfg = Debug|Any CPU
		{AD6A59FA-7160-470F-A42A-21859EE9A1F1}.Debug|Any CPU.Build.0 = Debug|Any CPU
		{AD6A59FA-7160-470F-A42A-21859EE9A1F1}.Release|Any CPU.ActiveCfg = Release|Any CPU
		{AD6A59FA-7160-470F-A42A-21859EE9A1F1}.Release|Any CPU.Build.0 = Release|Any CPU
		{E3E98820-73C3-45D9-B076-DFE8788B230D}.Debug|Any CPU.ActiveCfg = Debug|Any CPU
		{E3E98820-73C3-45D9-B076-DFE8788B230D}.Debug|Any CPU.Build.0 = Debug|Any CPU
		{E3E98820-73C3-45D9-B076-DFE8788B230D}.Release|Any CPU.ActiveCfg = Release|Any CPU
		{E3E98820-73C3-45D9-B076-DFE8788B230D}.Release|Any CPU.Build.0 = Release|Any CPU
		{F1A7B5F6-A217-45F4-9F74-DB1FB76B4B47}.Debug|Any CPU.ActiveCfg = Debug|Any CPU
		{F1A7B5F6-A217-45F4-9F74-DB1FB76B4B47}.Debug|Any CPU.Build.0 = Debug|Any CPU
		{F1A7B5F6-A217-45F4-9F74-DB1FB76B4B47}.Release|Any CPU.ActiveCfg = Release|Any CPU
		{F1A7B5F6-A217-45F4-9F74-DB1FB76B4B47}.Release|Any CPU.Build.0 = Release|Any CPU
		{30C3C1F0-A8B1-4205-936E-C7A1E471C53F}.Debug|Any CPU.ActiveCfg = Debug|Any CPU
		{30C3C1F0-A8B1-4205-936E-C7A1E471C53F}.Debug|Any CPU.Build.0 = Debug|Any CPU
		{30C3C1F0-A8B1-4205-936E-C7A1E471C53F}.Release|Any CPU.ActiveCfg = Release|Any CPU
		{30C3C1F0-A8B1-4205-936E-C7A1E471C53F}.Release|Any CPU.Build.0 = Release|Any CPU
		{619620CC-CBA1-486E-BE79-C883071D2A63}.Debug|Any CPU.ActiveCfg = Debug|Any CPU
		{619620CC-CBA1-486E-BE79-C883071D2A63}.Debug|Any CPU.Build.0 = Debug|Any CPU
		{619620CC-CBA1-486E-BE79-C883071D2A63}.Release|Any CPU.ActiveCfg = Release|Any CPU
		{619620CC-CBA1-486E-BE79-C883071D2A63}.Release|Any CPU.Build.0 = Release|Any CPU
		{4493351A-E40A-4E85-8959-4E9C65CB34F1}.Debug|Any CPU.ActiveCfg = Debug|Any CPU
		{4493351A-E40A-4E85-8959-4E9C65CB34F1}.Debug|Any CPU.Build.0 = Debug|Any CPU
		{4493351A-E40A-4E85-8959-4E9C65CB34F1}.Release|Any CPU.ActiveCfg = Release|Any CPU
		{4493351A-E40A-4E85-8959-4E9C65CB34F1}.Release|Any CPU.Build.0 = Release|Any CPU
		{3971F8BB-B27C-4985-818E-39E887783F47}.Debug|Any CPU.ActiveCfg = Debug|Any CPU
		{3971F8BB-B27C-4985-818E-39E887783F47}.Debug|Any CPU.Build.0 = Debug|Any CPU
		{3971F8BB-B27C-4985-818E-39E887783F47}.Release|Any CPU.ActiveCfg = Release|Any CPU
		{3971F8BB-B27C-4985-818E-39E887783F47}.Release|Any CPU.Build.0 = Release|Any CPU
		{A1F1192F-DD08-47B9-85D1-B157F69867D9}.Debug|Any CPU.ActiveCfg = Debug|Any CPU
		{A1F1192F-DD08-47B9-85D1-B157F69867D9}.Debug|Any CPU.Build.0 = Debug|Any CPU
		{A1F1192F-DD08-47B9-85D1-B157F69867D9}.Release|Any CPU.ActiveCfg = Release|Any CPU
		{A1F1192F-DD08-47B9-85D1-B157F69867D9}.Release|Any CPU.Build.0 = Release|Any CPU
		{797BFD99-D5FC-4F97-B161-10A67936ADC1}.Debug|Any CPU.ActiveCfg = Debug|Any CPU
		{797BFD99-D5FC-4F97-B161-10A67936ADC1}.Debug|Any CPU.Build.0 = Debug|Any CPU
		{797BFD99-D5FC-4F97-B161-10A67936ADC1}.Release|Any CPU.ActiveCfg = Release|Any CPU
		{797BFD99-D5FC-4F97-B161-10A67936ADC1}.Release|Any CPU.Build.0 = Release|Any CPU
		{3DC75BB5-F6B9-4D6D-9195-4492EA7ABC52}.Debug|Any CPU.ActiveCfg = Debug|Any CPU
		{3DC75BB5-F6B9-4D6D-9195-4492EA7ABC52}.Debug|Any CPU.Build.0 = Debug|Any CPU
		{3DC75BB5-F6B9-4D6D-9195-4492EA7ABC52}.Release|Any CPU.ActiveCfg = Release|Any CPU
		{3DC75BB5-F6B9-4D6D-9195-4492EA7ABC52}.Release|Any CPU.Build.0 = Release|Any CPU
		{0F0E08BF-F49D-43A6-B400-156866611A22}.Debug|Any CPU.ActiveCfg = Debug|Any CPU
		{0F0E08BF-F49D-43A6-B400-156866611A22}.Debug|Any CPU.Build.0 = Debug|Any CPU
		{0F0E08BF-F49D-43A6-B400-156866611A22}.Release|Any CPU.ActiveCfg = Release|Any CPU
		{0F0E08BF-F49D-43A6-B400-156866611A22}.Release|Any CPU.Build.0 = Release|Any CPU
		{1C84F91D-CB38-42E9-94DF-9225CAB5888D}.Debug|Any CPU.ActiveCfg = Debug|Any CPU
		{1C84F91D-CB38-42E9-94DF-9225CAB5888D}.Debug|Any CPU.Build.0 = Debug|Any CPU
		{1C84F91D-CB38-42E9-94DF-9225CAB5888D}.Release|Any CPU.ActiveCfg = Release|Any CPU
		{1C84F91D-CB38-42E9-94DF-9225CAB5888D}.Release|Any CPU.Build.0 = Release|Any CPU
		{687BF29E-4A5F-48E0-82DF-F119EC7E0909}.Debug|Any CPU.ActiveCfg = Debug|Any CPU
		{687BF29E-4A5F-48E0-82DF-F119EC7E0909}.Debug|Any CPU.Build.0 = Debug|Any CPU
		{687BF29E-4A5F-48E0-82DF-F119EC7E0909}.Release|Any CPU.ActiveCfg = Release|Any CPU
		{687BF29E-4A5F-48E0-82DF-F119EC7E0909}.Release|Any CPU.Build.0 = Release|Any CPU
		{853E2822-F3D3-4DE8-BB4A-51117E660028}.Debug|Any CPU.ActiveCfg = Debug|Any CPU
		{853E2822-F3D3-4DE8-BB4A-51117E660028}.Debug|Any CPU.Build.0 = Debug|Any CPU
		{853E2822-F3D3-4DE8-BB4A-51117E660028}.Release|Any CPU.ActiveCfg = Release|Any CPU
		{853E2822-F3D3-4DE8-BB4A-51117E660028}.Release|Any CPU.Build.0 = Release|Any CPU
		{F795BCFF-F73B-4FFD-A19F-B2528C1F2442}.Debug|Any CPU.ActiveCfg = Debug|Any CPU
		{F795BCFF-F73B-4FFD-A19F-B2528C1F2442}.Debug|Any CPU.Build.0 = Debug|Any CPU
		{F795BCFF-F73B-4FFD-A19F-B2528C1F2442}.Release|Any CPU.ActiveCfg = Release|Any CPU
		{F795BCFF-F73B-4FFD-A19F-B2528C1F2442}.Release|Any CPU.Build.0 = Release|Any CPU
		{B1B80014-767A-4156-9887-1D193096F32F}.Debug|Any CPU.ActiveCfg = Debug|Any CPU
		{B1B80014-767A-4156-9887-1D193096F32F}.Debug|Any CPU.Build.0 = Debug|Any CPU
		{B1B80014-767A-4156-9887-1D193096F32F}.Release|Any CPU.ActiveCfg = Release|Any CPU
		{B1B80014-767A-4156-9887-1D193096F32F}.Release|Any CPU.Build.0 = Release|Any CPU
		{A1277DFD-F010-47F4-8525-B3626DAD8036}.Debug|Any CPU.ActiveCfg = Debug|Any CPU
		{A1277DFD-F010-47F4-8525-B3626DAD8036}.Debug|Any CPU.Build.0 = Debug|Any CPU
		{A1277DFD-F010-47F4-8525-B3626DAD8036}.Release|Any CPU.ActiveCfg = Release|Any CPU
		{A1277DFD-F010-47F4-8525-B3626DAD8036}.Release|Any CPU.Build.0 = Release|Any CPU
		{C99B8B3A-064D-43B7-B90C-3A6904AAED76}.Debug|Any CPU.ActiveCfg = Debug|Any CPU
		{C99B8B3A-064D-43B7-B90C-3A6904AAED76}.Debug|Any CPU.Build.0 = Debug|Any CPU
		{C99B8B3A-064D-43B7-B90C-3A6904AAED76}.Release|Any CPU.ActiveCfg = Release|Any CPU
		{C99B8B3A-064D-43B7-B90C-3A6904AAED76}.Release|Any CPU.Build.0 = Release|Any CPU
		{93C1327B-4C71-4F8B-8FB7-993D3E3EB721}.Debug|Any CPU.ActiveCfg = Debug|Any CPU
		{93C1327B-4C71-4F8B-8FB7-993D3E3EB721}.Debug|Any CPU.Build.0 = Debug|Any CPU
		{93C1327B-4C71-4F8B-8FB7-993D3E3EB721}.Release|Any CPU.ActiveCfg = Release|Any CPU
		{93C1327B-4C71-4F8B-8FB7-993D3E3EB721}.Release|Any CPU.Build.0 = Release|Any CPU
	EndGlobalSection
	GlobalSection(NestedProjects) = preSolution
		{DD45D3D0-FAAE-4E20-B838-D73DBB2956F7} = {A1AA8927-0B7C-45E6-899C-4943FC395935}
		{9288CABD-9802-48B5-9154-87FC73CC06FC} = {DD45D3D0-FAAE-4E20-B838-D73DBB2956F7}
		{4493351A-E40A-4E85-8959-4E9C65CB34F1} = {9288CABD-9802-48B5-9154-87FC73CC06FC}
		{3971F8BB-B27C-4985-818E-39E887783F47} = {DD45D3D0-FAAE-4E20-B838-D73DBB2956F7}
		{2D8CF1FA-8406-4FF6-9F4C-8F010E9B2D68} = {DD45D3D0-FAAE-4E20-B838-D73DBB2956F7}
		{A1F1192F-DD08-47B9-85D1-B157F69867D9} = {2D8CF1FA-8406-4FF6-9F4C-8F010E9B2D68}
		{797BFD99-D5FC-4F97-B161-10A67936ADC1} = {2D8CF1FA-8406-4FF6-9F4C-8F010E9B2D68}
		{5A264CA4-C967-43F9-A6FC-EB56E2E72F01} = {DD45D3D0-FAAE-4E20-B838-D73DBB2956F7}
		{3DC75BB5-F6B9-4D6D-9195-4492EA7ABC52} = {5A264CA4-C967-43F9-A6FC-EB56E2E72F01}
		{BF06C2D5-BD21-48B6-958B-88EC54CB014F} = {DD45D3D0-FAAE-4E20-B838-D73DBB2956F7}
		{0F0E08BF-F49D-43A6-B400-156866611A22} = {BF06C2D5-BD21-48B6-958B-88EC54CB014F}
		{302F6892-81BB-42D2-9058-F1E93FE13BFC} = {A1AA8927-0B7C-45E6-899C-4943FC395935}
		{9C678024-BD1B-44E9-9EFD-C27C60FFADBC} = {A1AA8927-0B7C-45E6-899C-4943FC395935}
		{4B70B6CF-64E8-4896-8174-0606FB54E829} = {302F6892-81BB-42D2-9058-F1E93FE13BFC}
		{1C84F91D-CB38-42E9-94DF-9225CAB5888D} = {4B70B6CF-64E8-4896-8174-0606FB54E829}
		{687BF29E-4A5F-48E0-82DF-F119EC7E0909} = {302F6892-81BB-42D2-9058-F1E93FE13BFC}
		{CECB8DBE-671C-4EE0-822F-135BF11DC1D7} = {302F6892-81BB-42D2-9058-F1E93FE13BFC}
		{853E2822-F3D3-4DE8-BB4A-51117E660028} = {CECB8DBE-671C-4EE0-822F-135BF11DC1D7}
		{36D875E2-51C3-4A6D-9033-29E9BCC6F37F} = {DD45D3D0-FAAE-4E20-B838-D73DBB2956F7}
		{F795BCFF-F73B-4FFD-A19F-B2528C1F2442} = {36D875E2-51C3-4A6D-9033-29E9BCC6F37F}
		{B1B80014-767A-4156-9887-1D193096F32F} = {CECB8DBE-671C-4EE0-822F-135BF11DC1D7}
		{C13D8F1A-8A7C-45AD-9162-26962DFF5B50} = {302F6892-81BB-42D2-9058-F1E93FE13BFC}
		{A1277DFD-F010-47F4-8525-B3626DAD8036} = {C13D8F1A-8A7C-45AD-9162-26962DFF5B50}
		{C99B8B3A-064D-43B7-B90C-3A6904AAED76} = {C13D8F1A-8A7C-45AD-9162-26962DFF5B50}
		{93C1327B-4C71-4F8B-8FB7-993D3E3EB721} = {36D875E2-51C3-4A6D-9033-29E9BCC6F37F}
	EndGlobalSection
EndGlobal
