<Solution>
  <Folder Name="/Source/">
    <Project Path="Source/KarpikGame.Client/KarpikGame.Client.csproj" />
    <Project Path="Source/KarpikGame.Server/KarpikGame.Server.csproj" />
    <Project Path="Source/KarpikGame.Shared/KarpikGame.Shared.csproj" />
  </Folder>
  <Folder Name="/Tests/">
    <Project Path="Tests/KarpikGame.Tests/KarpikGame.Tests.csproj" />
  </Folder>
</Solution>
